
Microsoft Visual Studio Solution File, Format Version 12.00
# Visual Studio Version 17
VisualStudioVersion = 17.3.32922.545
MinimumVisualStudioVersion = 10.0.40219.1
Project("{FAE04EC0-301F-11D3-BF4B-00C04F79EFBC}") = "Module_6.2", "Module_6.2\Module_6.2.csproj", "{039F5F28-0EC3-4940-9D2B-4BE89685951E}"
EndProject
Global
	GlobalSection(SolutionConfigurationPlatforms) = preSolution
		Debug|Any CPU = Debug|Any CPU
		Release|Any CPU = Release|Any CPU
	EndGlobalSection
	GlobalSection(ProjectConfigurationPlatforms) = postSolution
		{039F5F28-0EC3-4940-9D2B-4BE89685951E}.Debug|Any CPU.ActiveCfg = Debug|Any CPU
		{039F5F28-0EC3-4940-9D2B-4BE89685951E}.Debug|Any CPU.Build.0 = Debug|Any CPU
		{039F5F28-0EC3-4940-9D2B-4BE89685951E}.Release|Any CPU.ActiveCfg = Release|Any CPU
		{039F5F28-0EC3-4940-9D2B-4BE89685951E}.Release|Any CPU.Build.0 = Release|Any CPU
	EndGlobalSection
	GlobalSection(SolutionProperties) = preSolution
		HideSolutionNode = FALSE
	EndGlobalSection
	GlobalSection(ExtensibilityGlobals) = postSolution
		SolutionGuid = {CE58CAAC-29EE-48D8-ADFE-8EE329F3011F}
	EndGlobalSection
EndGlobal
